PODS:
  - AdmiralCore (11.0.1)
  - AdmiralSwiftUI (11.0.1):
    - AdmiralCore
    - AdmiralTheme
    - AdmiralUIResources
  - AdmiralTheme (11.0.1):
    - AdmiralUIResources
  - AdmiralUIKit (11.0.1):
    - AdmiralCore
    - AdmiralTheme
    - AdmiralUIResources
  - AdmiralUIResources (11.0.1)

DEPENDENCIES:
  - AdmiralCore (from `https://github.com/admiral-team/admiralui-ios.git`, branch `main`)
  - AdmiralSwiftUI (from `https://github.com/admiral-team/admiralui-ios.git`, branch `main`)
  - AdmiralTheme (from `https://github.com/admiral-team/admiralui-ios.git`, branch `main`)
  - AdmiralUIKit (from `https://github.com/admiral-team/admiralui-ios.git`, branch `main`)
  - AdmiralUIResources (from `https://github.com/admiral-team/admiralui-ios.git`, branch `main`)

EXTERNAL SOURCES:
  AdmiralCore:
    :branch: main
    :git: https://github.com/admiral-team/admiralui-ios.git
  AdmiralSwiftUI:
    :branch: main
    :git: https://github.com/admiral-team/admiralui-ios.git
  AdmiralTheme:
    :branch: main
    :git: https://github.com/admiral-team/admiralui-ios.git
  AdmiralUIKit:
    :branch: main
    :git: https://github.com/admiral-team/admiralui-ios.git
  AdmiralUIResources:
    :branch: main
    :git: https://github.com/admiral-team/admiralui-ios.git

CHECKOUT OPTIONS:
  AdmiralCore:
    :commit: 826dc0cab2d2d6cb245ff18f256e4f29b68da126
    :git: https://github.com/admiral-team/admiralui-ios.git
  AdmiralSwiftUI:
    :commit: 826dc0cab2d2d6cb245ff18f256e4f29b68da126
    :git: https://github.com/admiral-team/admiralui-ios.git
  AdmiralTheme:
    :commit: 826dc0cab2d2d6cb245ff18f256e4f29b68da126
    :git: https://github.com/admiral-team/admiralui-ios.git
  AdmiralUIKit:
    :commit: 826dc0cab2d2d6cb245ff18f256e4f29b68da126
    :git: https://github.com/admiral-team/admiralui-ios.git
  AdmiralUIResources:
    :commit: 826dc0cab2d2d6cb245ff18f256e4f29b68da126
    :git: https://github.com/admiral-team/admiralui-ios.git

SPEC CHECKSUMS:
  AdmiralCore: 90ca9d3d67869b0d68877b6f14f85cc83b2ad395
  AdmiralSwiftUI: aabdf6d9dac21fb0d6b3bbd5430f9dfabcd209c6
  AdmiralTheme: 88070db38eba46c4f4a43ee911ffc3292668c61c
  AdmiralUIKit: 49801bc6bf5b21d485cfa6a7ab6db11f59ead44c
  AdmiralUIResources: 0262002ff9e2e08606fbbd0341701444be90fa2b

PODFILE CHECKSUM: 2e6c7f64981c88178531c4232c70917650c4f48a

COCOAPODS: 1.9.3
