PODS:
  - AdmiralCalendarSwiftUI (13.0.0):
    - AdmiralCore
    - AdmiralTheme
  - AdmiralCore (13.0.0)
  - AdmiralImages (13.0.0)
  - AdmiralSwiftUI (13.0.0):
    - AdmiralCore
    - AdmiralTheme
  - AdmiralSymbols (13.0.0)
  - AdmiralTheme (13.0.0)
  - AdmiralUIKit (13.0.0):
    - AdmiralCore
    - AdmiralTheme

DEPENDENCIES:
  - AdmiralCalendarSwiftUI (from `https://github.com/admiral-team/admiralui-ios.git`, branch `main`)
  - AdmiralCore (from `https://github.com/admiral-team/admiralui-ios.git`, branch `main`)
  - AdmiralImages (from `https://github.com/admiral-team/admiralui-ios.git`, branch `main`)
  - AdmiralSwiftUI (from `https://github.com/admiral-team/admiralui-ios.git`, branch `main`)
  - AdmiralSymbols (from `https://github.com/admiral-team/admiralui-ios.git`, branch `main`)
  - AdmiralTheme (from `https://github.com/admiral-team/admiralui-ios.git`, branch `main`)
  - AdmiralUIKit (from `https://github.com/admiral-team/admiralui-ios.git`, branch `main`)

EXTERNAL SOURCES:
  AdmiralCalendarSwiftUI:
    :branch: main
    :git: https://github.com/admiral-team/admiralui-ios.git
  AdmiralCore:
    :branch: main
    :git: https://github.com/admiral-team/admiralui-ios.git
  AdmiralImages:
    :branch: main
    :git: https://github.com/admiral-team/admiralui-ios.git
  AdmiralSwiftUI:
    :branch: main
    :git: https://github.com/admiral-team/admiralui-ios.git
  AdmiralSymbols:
    :branch: main
    :git: https://github.com/admiral-team/admiralui-ios.git
  AdmiralTheme:
    :branch: main
    :git: https://github.com/admiral-team/admiralui-ios.git
  AdmiralUIKit:
    :branch: main
    :git: https://github.com/admiral-team/admiralui-ios.git

CHECKOUT OPTIONS:
  AdmiralCalendarSwiftUI:
    :commit: 89e76bfd329194dc95da58975a7e40afa911442d
    :git: https://github.com/admiral-team/admiralui-ios.git
  AdmiralCore:
    :commit: 89e76bfd329194dc95da58975a7e40afa911442d
    :git: https://github.com/admiral-team/admiralui-ios.git
  AdmiralImages:
    :commit: 89e76bfd329194dc95da58975a7e40afa911442d
    :git: https://github.com/admiral-team/admiralui-ios.git
  AdmiralSwiftUI:
    :commit: 89e76bfd329194dc95da58975a7e40afa911442d
    :git: https://github.com/admiral-team/admiralui-ios.git
  AdmiralSymbols:
    :commit: 89e76bfd329194dc95da58975a7e40afa911442d
    :git: https://github.com/admiral-team/admiralui-ios.git
  AdmiralTheme:
    :commit: 89e76bfd329194dc95da58975a7e40afa911442d
    :git: https://github.com/admiral-team/admiralui-ios.git
  AdmiralUIKit:
    :commit: 89e76bfd329194dc95da58975a7e40afa911442d
    :git: https://github.com/admiral-team/admiralui-ios.git

SPEC CHECKSUMS:
  AdmiralCalendarSwiftUI: 4b38a4ec82c9dce68e098ffb685f38f3873da6bb
  AdmiralCore: 265d53aa53f0f89e25078f74ce05e574437b86bc
  AdmiralImages: 2f7697419b6c73b925dab6b708082a17301f716d
  AdmiralSwiftUI: 1a16b46bea21635176144ba0cd86f4be2d07069c
  AdmiralSymbols: f12dd5729bcdaaec1d2a896b074e923e7f0ab31d
  AdmiralTheme: a1d3251c4360eb647a1a143544e340bacbb33a3b
  AdmiralUIKit: f647ed2407ba4be22ac53bd9e7df292ca60a9cdd

PODFILE CHECKSUM: fd2c8ee290198ace9b96ecfb6365d05fc4e36beb

COCOAPODS: 1.9.3
