PODS:
  - AdmiralSwiftUI (10.1.0):
    - AdmiralTheme
    - AdmiralUIResources
  - AdmiralTheme (10.1.0):
    - AdmiralUIResources
  - AdmiralUIKit (10.1.0):
    - AdmiralTheme
    - AdmiralUIResources
  - AdmiralUIResources (10.1.0)

DEPENDENCIES:
  - AdmiralSwiftUI (from `https://github.com/admiral-team/admiralui-ios.git`, branch `main`)
  - AdmiralTheme (from `https://github.com/admiral-team/admiralui-ios.git`, branch `main`)
  - AdmiralUIKit (from `https://github.com/admiral-team/admiralui-ios.git`, branch `main`)
  - AdmiralUIResources (from `https://github.com/admiral-team/admiralui-ios.git`, branch `main`)

EXTERNAL SOURCES:
  AdmiralSwiftUI:
    :branch: main
    :git: https://github.com/admiral-team/admiralui-ios.git
  AdmiralTheme:
    :branch: main
    :git: https://github.com/admiral-team/admiralui-ios.git
  AdmiralUIKit:
    :branch: main
    :git: https://github.com/admiral-team/admiralui-ios.git
  AdmiralUIResources:
    :branch: main
    :git: https://github.com/admiral-team/admiralui-ios.git

CHECKOUT OPTIONS:
  AdmiralSwiftUI:
    :commit: 89bdcf6810a56352925f57008b4f6e96f91ed6cb
    :git: https://github.com/admiral-team/admiralui-ios.git
  AdmiralTheme:
    :commit: 89bdcf6810a56352925f57008b4f6e96f91ed6cb
    :git: https://github.com/admiral-team/admiralui-ios.git
  AdmiralUIKit:
    :commit: 89bdcf6810a56352925f57008b4f6e96f91ed6cb
    :git: https://github.com/admiral-team/admiralui-ios.git
  AdmiralUIResources:
    :commit: 89bdcf6810a56352925f57008b4f6e96f91ed6cb
    :git: https://github.com/admiral-team/admiralui-ios.git

SPEC CHECKSUMS:
  AdmiralSwiftUI: e5b9334730af1d287a53ad1edd9aba64951867ce
  AdmiralTheme: 8c2ac269c4853571e7e63fe3edbf192ff5c520a1
  AdmiralUIKit: 6255444abe0193f1bacd85d74cd0dbcb30fa1783
  AdmiralUIResources: ba60556ae7c2523480ab6192a83a3ce926c567ad

PODFILE CHECKSUM: 138b2b1a956ecacd6497eb10c0504d58312924fd

COCOAPODS: 1.9.3
