// !$*UTF8*$!
{
	archiveVersion = 1;
	classes = {
	};
	objectVersion = 54;
	objects = {

/* Begin PBXBuildFile section */
		0E457F112A1FF5FD003364E8 /* AdmiralImages in Frameworks */ = {isa = PBXBuildFile; productRef = 0E457F102A1FF5FD003364E8 /* AdmiralImages */; };
		0E457F132A1FF5FD003364E8 /* AdmiralSwiftUI in Frameworks */ = {isa = PBXBuildFile; productRef = 0E457F122A1FF5FD003364E8 /* AdmiralSwiftUI */; };
		0E457F152A1FF5FD003364E8 /* AdmiralSymbols in Frameworks */ = {isa = PBXBuildFile; productRef = 0E457F142A1FF5FD003364E8 /* AdmiralSymbols */; };
		0E457F172A1FF5FD003364E8 /* AdmiralTheme in Frameworks */ = {isa = PBXBuildFile; productRef = 0E457F162A1FF5FD003364E8 /* AdmiralTheme */; };
		0E457F192A1FF5FD003364E8 /* AdmiralUIKit in Frameworks */ = {isa = PBXBuildFile; productRef = 0E457F182A1FF5FD003364E8 /* AdmiralUIKit */; };
		7126C09729D7265A00FA76EC /* ExampleSPMApp.swift in Sources */ = {isa = PBXBuildFile; fileRef = 7126C09629D7265A00FA76EC /* ExampleSPMApp.swift */; };
		7126C09929D7265A00FA76EC /* ContentView.swift in Sources */ = {isa = PBXBuildFile; fileRef = 7126C09829D7265A00FA76EC /* ContentView.swift */; };
		7126C09B29D7265A00FA76EC /* Assets.xcassets in Resources */ = {isa = PBXBuildFile; fileRef = 7126C09A29D7265A00FA76EC /* Assets.xcassets */; };
		7126C09E29D7265A00FA76EC /* Preview Assets.xcassets in Resources */ = {isa = PBXBuildFile; fileRef = 7126C09D29D7265A00FA76EC /* Preview Assets.xcassets */; };
/* End PBXBuildFile section */

/* Begin PBXFileReference section */
		7126C09329D7265A00FA76EC /* ExampleSPM.app */ = {isa = PBXFileReference; explicitFileType = wrapper.application; includeInIndex = 0; path = ExampleSPM.app; sourceTree = BUILT_PRODUCTS_DIR; };
		7126C09629D7265A00FA76EC /* ExampleSPMApp.swift */ = {isa = PBXFileReference; lastKnownFileType = sourcecode.swift; path = ExampleSPMApp.swift; sourceTree = "<group>"; };
		7126C09829D7265A00FA76EC /* ContentView.swift */ = {isa = PBXFileReference; lastKnownFileType = sourcecode.swift; path = ContentView.swift; sourceTree = "<group>"; };
		7126C09A29D7265A00FA76EC /* Assets.xcassets */ = {isa = PBXFileReference; lastKnownFileType = folder.assetcatalog; path = Assets.xcassets; sourceTree = "<group>"; };
		7126C09D29D7265A00FA76EC /* Preview Assets.xcassets */ = {isa = PBXFileReference; lastKnownFileType = folder.assetcatalog; path = "Preview Assets.xcassets"; sourceTree = "<group>"; };
/* End PBXFileReference section */

/* Begin PBXFrameworksBuildPhase section */
		7126C09029D7265A00FA76EC /* Frameworks */ = {
			isa = PBXFrameworksBuildPhase;
			buildActionMask = 2147483647;
			files = (
				0E457F192A1FF5FD003364E8 /* AdmiralUIKit in Frameworks */,
				0E457F152A1FF5FD003364E8 /* AdmiralSymbols in Frameworks */,
				0E457F172A1FF5FD003364E8 /* AdmiralTheme in Frameworks */,
				0E457F112A1FF5FD003364E8 /* AdmiralImages in Frameworks */,
				0E457F132A1FF5FD003364E8 /* AdmiralSwiftUI in Frameworks */,
			);
			runOnlyForDeploymentPostprocessing = 0;
		};
/* End PBXFrameworksBuildPhase section */

/* Begin PBXGroup section */
		7126C08A29D7265A00FA76EC = {
			isa = PBXGroup;
			children = (
				7126C09529D7265A00FA76EC /* ExampleSPM */,
				7126C09429D7265A00FA76EC /* Products */,
			);
			sourceTree = "<group>";
		};
		7126C09429D7265A00FA76EC /* Products */ = {
			isa = PBXGroup;
			children = (
				7126C09329D7265A00FA76EC /* ExampleSPM.app */,
			);
			name = Products;
			sourceTree = "<group>";
		};
		7126C09529D7265A00FA76EC /* ExampleSPM */ = {
			isa = PBXGroup;
			children = (
				7126C09629D7265A00FA76EC /* ExampleSPMApp.swift */,
				7126C09829D7265A00FA76EC /* ContentView.swift */,
				7126C09A29D7265A00FA76EC /* Assets.xcassets */,
				7126C09C29D7265A00FA76EC /* Preview Content */,
			);
			path = ExampleSPM;
			sourceTree = "<group>";
		};
		7126C09C29D7265A00FA76EC /* Preview Content */ = {
			isa = PBXGroup;
			children = (
				7126C09D29D7265A00FA76EC /* Preview Assets.xcassets */,
			);
			path = "Preview Content";
			sourceTree = "<group>";
		};
/* End PBXGroup section */

/* Begin PBXNativeTarget section */
		7126C09229D7265A00FA76EC /* ExampleSPM */ = {
			isa = PBXNativeTarget;
			buildConfigurationList = 7126C0A129D7265A00FA76EC /* Build configuration list for PBXNativeTarget "ExampleSPM" */;
			buildPhases = (
				7126C08F29D7265A00FA76EC /* Sources */,
				7126C09029D7265A00FA76EC /* Frameworks */,
				7126C09129D7265A00FA76EC /* Resources */,
			);
			buildRules = (
			);
			dependencies = (
			);
			name = ExampleSPM;
			packageProductDependencies = (
				0E457F102A1FF5FD003364E8 /* AdmiralImages */,
				0E457F122A1FF5FD003364E8 /* AdmiralSwiftUI */,
				0E457F142A1FF5FD003364E8 /* AdmiralSymbols */,
				0E457F162A1FF5FD003364E8 /* AdmiralTheme */,
				0E457F182A1FF5FD003364E8 /* AdmiralUIKit */,
			);
			productName = ExampleSPM;
			productReference = 7126C09329D7265A00FA76EC /* ExampleSPM.app */;
			productType = "com.apple.product-type.application";
		};
/* End PBXNativeTarget section */

/* Begin PBXProject section */
		7126C08B29D7265A00FA76EC /* Project object */ = {
			isa = PBXProject;
			attributes = {
				BuildIndependentTargetsInParallel = 1;
				LastSwiftUpdateCheck = 1420;
				LastUpgradeCheck = 1420;
				TargetAttributes = {
					7126C09229D7265A00FA76EC = {
						CreatedOnToolsVersion = 14.2;
					};
				};
			};
			buildConfigurationList = 7126C08E29D7265A00FA76EC /* Build configuration list for PBXProject "ExampleSPM" */;
			compatibilityVersion = "Xcode 12.0";
			developmentRegion = en;
			hasScannedForEncodings = 0;
			knownRegions = (
				en,
				Base,
			);
			mainGroup = 7126C08A29D7265A00FA76EC;
			packageReferences = (
				0E457F0F2A1FF5FD003364E8 /* XCRemoteSwiftPackageReference "admiralui-ios" */,
			);
			productRefGroup = 7126C09429D7265A00FA76EC /* Products */;
			projectDirPath = "";
			projectRoot = "";
			targets = (
				7126C09229D7265A00FA76EC /* ExampleSPM */,
			);
		};
/* End PBXProject section */

/* Begin PBXResourcesBuildPhase section */
		7126C09129D7265A00FA76EC /* Resources */ = {
			isa = PBXResourcesBuildPhase;
			buildActionMask = 2147483647;
			files = (
				7126C09E29D7265A00FA76EC /* Preview Assets.xcassets in Resources */,
				7126C09B29D7265A00FA76EC /* Assets.xcassets in Resources */,
			);
			runOnlyForDeploymentPostprocessing = 0;
		};
/* End PBXResourcesBuildPhase section */

/* Begin PBXSourcesBuildPhase section */
		7126C08F29D7265A00FA76EC /* Sources */ = {
			isa = PBXSourcesBuildPhase;
			buildActionMask = 2147483647;
			files = (
				7126C09929D7265A00FA76EC /* ContentView.swift in Sources */,
				7126C09729D7265A00FA76EC /* ExampleSPMApp.swift in Sources */,
			);
			runOnlyForDeploymentPostprocessing = 0;
		};
/* End PBXSourcesBuildPhase section */

/* Begin XCBuildConfiguration section */
		7126C09F29D7265A00FA76EC /* Debug */ = {
			isa = XCBuildConfiguration;
			buildSettings = {
				ALWAYS_SEARCH_USER_PATHS = NO;
				CLANG_ANALYZER_NONNULL = YES;
				CLANG_ANALYZER_NUMBER_OBJECT_CONVERSION = YES_AGGRESSIVE;
				CLANG_CXX_LANGUAGE_STANDARD = "gnu++20";
				CLANG_ENABLE_MODULES = YES;
				CLANG_ENABLE_OBJC_ARC = YES;
				CLANG_ENABLE_OBJC_WEAK = YES;
				CLANG_WARN_BLOCK_CAPTURE_AUTORELEASING = YES;
				CLANG_WARN_BOOL_CONVERSION = YES;
				CLANG_WARN_COMMA = YES;
				CLANG_WARN_CONSTANT_CONVERSION = YES;
				CLANG_WARN_DEPRECATED_OBJC_IMPLEMENTATIONS = YES;
				CLANG_WARN_DIRECT_OBJC_ISA_USAGE = YES_ERROR;
				CLANG_WARN_DOCUMENTATION_COMMENTS = YES;
				CLANG_WARN_EMPTY_BODY = YES;
				CLANG_WARN_ENUM_CONVERSION = YES;
				CLANG_WARN_INFINITE_RECURSION = YES;
				CLANG_WARN_INT_CONVERSION = YES;
				CLANG_WARN_NON_LITERAL_NULL_CONVERSION = YES;
				CLANG_WARN_OBJC_IMPLICIT_RETAIN_SELF = YES;
				CLANG_WARN_OBJC_LITERAL_CONVERSION = YES;
				CLANG_WARN_OBJC_ROOT_CLASS = YES_ERROR;
				CLANG_WARN_QUOTED_INCLUDE_IN_FRAMEWORK_HEADER = YES;
				CLANG_WARN_RANGE_LOOP_ANALYSIS = YES;
				CLANG_WARN_STRICT_PROTOTYPES = YES;
				CLANG_WARN_SUSPICIOUS_MOVE = YES;
				CLANG_WARN_UNGUARDED_AVAILABILITY = YES_AGGRESSIVE;
				CLANG_WARN_UNREACHABLE_CODE = YES;
				CLANG_WARN__DUPLICATE_METHOD_MATCH = YES;
				COPY_PHASE_STRIP = NO;
				DEBUG_INFORMATION_FORMAT = dwarf;
				ENABLE_STRICT_OBJC_MSGSEND = YES;
				ENABLE_TESTABILITY = YES;
				GCC_C_LANGUAGE_STANDARD = gnu11;
				GCC_DYNAMIC_NO_PIC = NO;
				GCC_NO_COMMON_BLOCKS = YES;
				GCC_OPTIMIZATION_LEVEL = 0;
				GCC_PREPROCESSOR_DEFINITIONS = (
					"DEBUG=1",
					"$(inherited)",
				);
				GCC_WARN_64_TO_32_BIT_CONVERSION = YES;
				GCC_WARN_ABOUT_RETURN_TYPE = YES_ERROR;
				GCC_WARN_UNDECLARED_SELECTOR = YES;
				GCC_WARN_UNINITIALIZED_AUTOS = YES_AGGRESSIVE;
				GCC_WARN_UNUSED_FUNCTION = YES;
				GCC_WARN_UNUSED_VARIABLE = YES;
				IPHONEOS_DEPLOYMENT_TARGET = 14.0;
				MTL_ENABLE_DEBUG_INFO = INCLUDE_SOURCE;
				MTL_FAST_MATH = YES;
				ONLY_ACTIVE_ARCH = YES;
				SDKROOT = iphoneos;
				SWIFT_ACTIVE_COMPILATION_CONDITIONS = DEBUG;
				SWIFT_OPTIMIZATION_LEVEL = "-Onone";
			};
			name = Debug;
		};
		7126C0A029D7265A00FA76EC /* Release */ = {
			isa = XCBuildConfiguration;
			buildSettings = {
				ALWAYS_SEARCH_USER_PATHS = NO;
				CLANG_ANALYZER_NONNULL = YES;
				CLANG_ANALYZER_NUMBER_OBJECT_CONVERSION = YES_AGGRESSIVE;
				CLANG_CXX_LANGUAGE_STANDARD = "gnu++20";
				CLANG_ENABLE_MODULES = YES;
				CLANG_ENABLE_OBJC_ARC = YES;
				CLANG_ENABLE_OBJC_WEAK = YES;
				CLANG_WARN_BLOCK_CAPTURE_AUTORELEASING = YES;
				CLANG_WARN_BOOL_CONVERSION = YES;
				CLANG_WARN_COMMA = YES;
				CLANG_WARN_CONSTANT_CONVERSION = YES;
				CLANG_WARN_DEPRECATED_OBJC_IMPLEMENTATIONS = YES;
				CLANG_WARN_DIRECT_OBJC_ISA_USAGE = YES_ERROR;
				CLANG_WARN_DOCUMENTATION_COMMENTS = YES;
				CLANG_WARN_EMPTY_BODY = YES;
				CLANG_WARN_ENUM_CONVERSION = YES;
				CLANG_WARN_INFINITE_RECURSION = YES;
				CLANG_WARN_INT_CONVERSION = YES;
				CLANG_WARN_NON_LITERAL_NULL_CONVERSION = YES;
				CLANG_WARN_OBJC_IMPLICIT_RETAIN_SELF = YES;
				CLANG_WARN_OBJC_LITERAL_CONVERSION = YES;
				CLANG_WARN_OBJC_ROOT_CLASS = YES_ERROR;
				CLANG_WARN_QUOTED_INCLUDE_IN_FRAMEWORK_HEADER = YES;
				CLANG_WARN_RANGE_LOOP_ANALYSIS = YES;
				CLANG_WARN_STRICT_PROTOTYPES = YES;
				CLANG_WARN_SUSPICIOUS_MOVE = YES;
				CLANG_WARN_UNGUARDED_AVAILABILITY = YES_AGGRESSIVE;
				CLANG_WARN_UNREACHABLE_CODE = YES;
				CLANG_WARN__DUPLICATE_METHOD_MATCH = YES;
				COPY_PHASE_STRIP = NO;
				DEBUG_INFORMATION_FORMAT = "dwarf-with-dsym";
				ENABLE_NS_ASSERTIONS = NO;
				ENABLE_STRICT_OBJC_MSGSEND = YES;
				GCC_C_LANGUAGE_STANDARD = gnu11;
				GCC_NO_COMMON_BLOCKS = YES;
				GCC_WARN_64_TO_32_BIT_CONVERSION = YES;
				GCC_WARN_ABOUT_RETURN_TYPE = YES_ERROR;
				GCC_WARN_UNDECLARED_SELECTOR = YES;
				GCC_WARN_UNINITIALIZED_AUTOS = YES_AGGRESSIVE;
				GCC_WARN_UNUSED_FUNCTION = YES;
				GCC_WARN_UNUSED_VARIABLE = YES;
				IPHONEOS_DEPLOYMENT_TARGET = 14.0;
				MTL_ENABLE_DEBUG_INFO = NO;
				MTL_FAST_MATH = YES;
				SDKROOT = iphoneos;
				SWIFT_COMPILATION_MODE = wholemodule;
				SWIFT_OPTIMIZATION_LEVEL = "-O";
				VALIDATE_PRODUCT = YES;
			};
			name = Release;
		};
		7126C0A229D7265A00FA76EC /* Debug */ = {
			isa = XCBuildConfiguration;
			buildSettings = {
				ASSETCATALOG_COMPILER_APPICON_NAME = AppIcon;
				ASSETCATALOG_COMPILER_GLOBAL_ACCENT_COLOR_NAME = AccentColor;
				CODE_SIGN_STYLE = Automatic;
				CURRENT_PROJECT_VERSION = 1;
				DEVELOPMENT_ASSET_PATHS = "\"ExampleSPM/Preview Content\"";
				ENABLE_PREVIEWS = YES;
				GENERATE_INFOPLIST_FILE = YES;
				INFOPLIST_KEY_UIApplicationSceneManifest_Generation = YES;
				INFOPLIST_KEY_UIApplicationSupportsIndirectInputEvents = YES;
				INFOPLIST_KEY_UILaunchScreen_Generation = YES;
				INFOPLIST_KEY_UISupportedInterfaceOrientations_iPad = "UIInterfaceOrientationPortrait UIInterfaceOrientationPortraitUpsideDown UIInterfaceOrientationLandscapeLeft UIInterfaceOrientationLandscapeRight";
				INFOPLIST_KEY_UISupportedInterfaceOrientations_iPhone = "UIInterfaceOrientationPortrait UIInterfaceOrientationLandscapeLeft UIInterfaceOrientationLandscapeRight";
				IPHONEOS_DEPLOYMENT_TARGET = 14.0;
				LD_RUNPATH_SEARCH_PATHS = (
					"$(inherited)",
					"@executable_path/Frameworks",
				);
				MARKETING_VERSION = 1.0;
				PRODUCT_BUNDLE_IDENTIFIER = com.example.spm.ExampleSPM;
				PRODUCT_NAME = "$(TARGET_NAME)";
				SUPPORTED_PLATFORMS = "iphoneos iphonesimulator";
				SUPPORTS_MACCATALYST = NO;
				SUPPORTS_MAC_DESIGNED_FOR_IPHONE_IPAD = NO;
				SWIFT_EMIT_LOC_STRINGS = YES;
				SWIFT_VERSION = 5.0;
				TARGETED_DEVICE_FAMILY = 1;
			};
			name = Debug;
		};
		7126C0A329D7265A00FA76EC /* Release */ = {
			isa = XCBuildConfiguration;
			buildSettings = {
				ASSETCATALOG_COMPILER_APPICON_NAME = AppIcon;
				ASSETCATALOG_COMPILER_GLOBAL_ACCENT_COLOR_NAME = AccentColor;
				CODE_SIGN_STYLE = Automatic;
				CURRENT_PROJECT_VERSION = 1;
				DEVELOPMENT_ASSET_PATHS = "\"ExampleSPM/Preview Content\"";
				ENABLE_PREVIEWS = YES;
				GENERATE_INFOPLIST_FILE = YES;
				INFOPLIST_KEY_UIApplicationSceneManifest_Generation = YES;
				INFOPLIST_KEY_UIApplicationSupportsIndirectInputEvents = YES;
				INFOPLIST_KEY_UILaunchScreen_Generation = YES;
				INFOPLIST_KEY_UISupportedInterfaceOrientations_iPad = "UIInterfaceOrientationPortrait UIInterfaceOrientationPortraitUpsideDown UIInterfaceOrientationLandscapeLeft UIInterfaceOrientationLandscapeRight";
				INFOPLIST_KEY_UISupportedInterfaceOrientations_iPhone = "UIInterfaceOrientationPortrait UIInterfaceOrientationLandscapeLeft UIInterfaceOrientationLandscapeRight";
				IPHONEOS_DEPLOYMENT_TARGET = 14.0;
				LD_RUNPATH_SEARCH_PATHS = (
					"$(inherited)",
					"@executable_path/Frameworks",
				);
				MARKETING_VERSION = 1.0;
				PRODUCT_BUNDLE_IDENTIFIER = com.example.spm.ExampleSPM;
				PRODUCT_NAME = "$(TARGET_NAME)";
				SUPPORTED_PLATFORMS = "iphoneos iphonesimulator";
				SUPPORTS_MACCATALYST = NO;
				SUPPORTS_MAC_DESIGNED_FOR_IPHONE_IPAD = NO;
				SWIFT_EMIT_LOC_STRINGS = YES;
				SWIFT_VERSION = 5.0;
				TARGETED_DEVICE_FAMILY = 1;
			};
			name = Release;
		};
/* End XCBuildConfiguration section */

/* Begin XCConfigurationList section */
		7126C08E29D7265A00FA76EC /* Build configuration list for PBXProject "ExampleSPM" */ = {
			isa = XCConfigurationList;
			buildConfigurations = (
				7126C09F29D7265A00FA76EC /* Debug */,
				7126C0A029D7265A00FA76EC /* Release */,
			);
			defaultConfigurationIsVisible = 0;
			defaultConfigurationName = Release;
		};
		7126C0A129D7265A00FA76EC /* Build configuration list for PBXNativeTarget "ExampleSPM" */ = {
			isa = XCConfigurationList;
			buildConfigurations = (
				7126C0A229D7265A00FA76EC /* Debug */,
				7126C0A329D7265A00FA76EC /* Release */,
			);
			defaultConfigurationIsVisible = 0;
			defaultConfigurationName = Release;
		};
/* End XCConfigurationList section */

/* Begin XCRemoteSwiftPackageReference section */
		0E457F0F2A1FF5FD003364E8 /* XCRemoteSwiftPackageReference "admiralui-ios" */ = {
			isa = XCRemoteSwiftPackageReference;
			repositoryURL = "https://github.com/admiral-team/admiralui-ios.git";
			requirement = {
				branch = main;
				kind = branch;
			};
		};
/* End XCRemoteSwiftPackageReference section */

/* Begin XCSwiftPackageProductDependency section */
		0E457F102A1FF5FD003364E8 /* AdmiralImages */ = {
			isa = XCSwiftPackageProductDependency;
			package = 0E457F0F2A1FF5FD003364E8 /* XCRemoteSwiftPackageReference "admiralui-ios" */;
			productName = AdmiralImages;
		};
		0E457F122A1FF5FD003364E8 /* AdmiralSwiftUI */ = {
			isa = XCSwiftPackageProductDependency;
			package = 0E457F0F2A1FF5FD003364E8 /* XCRemoteSwiftPackageReference "admiralui-ios" */;
			productName = AdmiralSwiftUI;
		};
		0E457F142A1FF5FD003364E8 /* AdmiralSymbols */ = {
			isa = XCSwiftPackageProductDependency;
			package = 0E457F0F2A1FF5FD003364E8 /* XCRemoteSwiftPackageReference "admiralui-ios" */;
			productName = AdmiralSymbols;
		};
		0E457F162A1FF5FD003364E8 /* AdmiralTheme */ = {
			isa = XCSwiftPackageProductDependency;
			package = 0E457F0F2A1FF5FD003364E8 /* XCRemoteSwiftPackageReference "admiralui-ios" */;
			productName = AdmiralTheme;
		};
		0E457F182A1FF5FD003364E8 /* AdmiralUIKit */ = {
			isa = XCSwiftPackageProductDependency;
			package = 0E457F0F2A1FF5FD003364E8 /* XCRemoteSwiftPackageReference "admiralui-ios" */;
			productName = AdmiralUIKit;
		};
/* End XCSwiftPackageProductDependency section */
	};
	rootObject = 7126C08B29D7265A00FA76EC /* Project object */;
}
