// !$*UTF8*$!
{
	archiveVersion = 1;
	classes = {
	};
	objectVersion = 54;
	objects = {

/* Begin PBXBuildFile section */
		7126C06D29D714B400FA76EC /* ExampleSPMApp.swift in Sources */ = {isa = PBXBuildFile; fileRef = 7126C06C29D714B400FA76EC /* ExampleSPMApp.swift */; };
		7126C06F29D714B400FA76EC /* ContentView.swift in Sources */ = {isa = PBXBuildFile; fileRef = 7126C06E29D714B400FA76EC /* ContentView.swift */; };
		7126C07129D714B500FA76EC /* Assets.xcassets in Resources */ = {isa = PBXBuildFile; fileRef = 7126C07029D714B500FA76EC /* Assets.xcassets */; };
		7126C07429D714B500FA76EC /* Preview Assets.xcassets in Resources */ = {isa = PBXBuildFile; fileRef = 7126C07329D714B500FA76EC /* Preview Assets.xcassets */; };
		7126C07C29D714F700FA76EC /* AdmiralCore in Frameworks */ = {isa = PBXBuildFile; productRef = 7126C07B29D714F700FA76EC /* AdmiralCore */; };
		7126C07E29D714F700FA76EC /* AdmiralSwiftUI in Frameworks */ = {isa = PBXBuildFile; productRef = 7126C07D29D714F700FA76EC /* AdmiralSwiftUI */; };
		7126C08029D714F700FA76EC /* AdmiralTheme in Frameworks */ = {isa = PBXBuildFile; productRef = 7126C07F29D714F700FA76EC /* AdmiralTheme */; };
		7126C08229D714F700FA76EC /* AdmiralUIKit in Frameworks */ = {isa = PBXBuildFile; productRef = 7126C08129D714F700FA76EC /* AdmiralUIKit */; };
		7126C08429D714F700FA76EC /* AdmiralUIResources in Frameworks */ = {isa = PBXBuildFile; productRef = 7126C08329D714F700FA76EC /* AdmiralUIResources */; };
/* End PBXBuildFile section */

/* Begin PBXFileReference section */
		7126C06929D714B400FA76EC /* ExampleSPM.app */ = {isa = PBXFileReference; explicitFileType = wrapper.application; includeInIndex = 0; path = ExampleSPM.app; sourceTree = BUILT_PRODUCTS_DIR; };
		7126C06C29D714B400FA76EC /* ExampleSPMApp.swift */ = {isa = PBXFileReference; lastKnownFileType = sourcecode.swift; path = ExampleSPMApp.swift; sourceTree = "<group>"; };
		7126C06E29D714B400FA76EC /* ContentView.swift */ = {isa = PBXFileReference; lastKnownFileType = sourcecode.swift; path = ContentView.swift; sourceTree = "<group>"; };
		7126C07029D714B500FA76EC /* Assets.xcassets */ = {isa = PBXFileReference; lastKnownFileType = folder.assetcatalog; path = Assets.xcassets; sourceTree = "<group>"; };
		7126C07329D714B500FA76EC /* Preview Assets.xcassets */ = {isa = PBXFileReference; lastKnownFileType = folder.assetcatalog; path = "Preview Assets.xcassets"; sourceTree = "<group>"; };
/* End PBXFileReference section */

/* Begin PBXFrameworksBuildPhase section */
		7126C06629D714B400FA76EC /* Frameworks */ = {
			isa = PBXFrameworksBuildPhase;
			buildActionMask = 2147483647;
			files = (
				7126C08229D714F700FA76EC /* AdmiralUIKit in Frameworks */,
				7126C07C29D714F700FA76EC /* AdmiralCore in Frameworks */,
				7126C08029D714F700FA76EC /* AdmiralTheme in Frameworks */,
				7126C07E29D714F700FA76EC /* AdmiralSwiftUI in Frameworks */,
				7126C08429D714F700FA76EC /* AdmiralUIResources in Frameworks */,
			);
			runOnlyForDeploymentPostprocessing = 0;
		};
/* End PBXFrameworksBuildPhase section */

/* Begin PBXGroup section */
		7126C06029D714B400FA76EC = {
			isa = PBXGroup;
			children = (
				7126C06B29D714B400FA76EC /* ExampleSPM */,
				7126C06A29D714B400FA76EC /* Products */,
			);
			sourceTree = "<group>";
		};
		7126C06A29D714B400FA76EC /* Products */ = {
			isa = PBXGroup;
			children = (
				7126C06929D714B400FA76EC /* ExampleSPM.app */,
			);
			name = Products;
			sourceTree = "<group>";
		};
		7126C06B29D714B400FA76EC /* ExampleSPM */ = {
			isa = PBXGroup;
			children = (
				7126C06C29D714B400FA76EC /* ExampleSPMApp.swift */,
				7126C06E29D714B400FA76EC /* ContentView.swift */,
				7126C07029D714B500FA76EC /* Assets.xcassets */,
				7126C07229D714B500FA76EC /* Preview Content */,
			);
			path = ExampleSPM;
			sourceTree = "<group>";
		};
		7126C07229D714B500FA76EC /* Preview Content */ = {
			isa = PBXGroup;
			children = (
				7126C07329D714B500FA76EC /* Preview Assets.xcassets */,
			);
			path = "Preview Content";
			sourceTree = "<group>";
		};
/* End PBXGroup section */

/* Begin PBXNativeTarget section */
		7126C06829D714B400FA76EC /* ExampleSPM */ = {
			isa = PBXNativeTarget;
			buildConfigurationList = 7126C07729D714B500FA76EC /* Build configuration list for PBXNativeTarget "ExampleSPM" */;
			buildPhases = (
				7126C06529D714B400FA76EC /* Sources */,
				7126C06629D714B400FA76EC /* Frameworks */,
				7126C06729D714B400FA76EC /* Resources */,
			);
			buildRules = (
			);
			dependencies = (
			);
			name = ExampleSPM;
			packageProductDependencies = (
				7126C07B29D714F700FA76EC /* AdmiralCore */,
				7126C07D29D714F700FA76EC /* AdmiralSwiftUI */,
				7126C07F29D714F700FA76EC /* AdmiralTheme */,
				7126C08129D714F700FA76EC /* AdmiralUIKit */,
				7126C08329D714F700FA76EC /* AdmiralUIResources */,
			);
			productName = ExampleSPM;
			productReference = 7126C06929D714B400FA76EC /* ExampleSPM.app */;
			productType = "com.apple.product-type.application";
		};
/* End PBXNativeTarget section */

/* Begin PBXProject section */
		7126C06129D714B400FA76EC /* Project object */ = {
			isa = PBXProject;
			attributes = {
				BuildIndependentTargetsInParallel = 1;
				LastSwiftUpdateCheck = 1420;
				LastUpgradeCheck = 1420;
				TargetAttributes = {
					7126C06829D714B400FA76EC = {
						CreatedOnToolsVersion = 14.2;
					};
				};
			};
			buildConfigurationList = 7126C06429D714B400FA76EC /* Build configuration list for PBXProject "ExampleSPM" */;
			compatibilityVersion = "Xcode 12.0";
			developmentRegion = en;
			hasScannedForEncodings = 0;
			knownRegions = (
				en,
				Base,
			);
			mainGroup = 7126C06029D714B400FA76EC;
			packageReferences = (
				7126C07A29D714F700FA76EC /* XCRemoteSwiftPackageReference "admiralui-ios" */,
			);
			productRefGroup = 7126C06A29D714B400FA76EC /* Products */;
			projectDirPath = "";
			projectRoot = "";
			targets = (
				7126C06829D714B400FA76EC /* ExampleSPM */,
			);
		};
/* End PBXProject section */

/* Begin PBXResourcesBuildPhase section */
		7126C06729D714B400FA76EC /* Resources */ = {
			isa = PBXResourcesBuildPhase;
			buildActionMask = 2147483647;
			files = (
				7126C07429D714B500FA76EC /* Preview Assets.xcassets in Resources */,
				7126C07129D714B500FA76EC /* Assets.xcassets in Resources */,
			);
			runOnlyForDeploymentPostprocessing = 0;
		};
/* End PBXResourcesBuildPhase section */

/* Begin PBXSourcesBuildPhase section */
		7126C06529D714B400FA76EC /* Sources */ = {
			isa = PBXSourcesBuildPhase;
			buildActionMask = 2147483647;
			files = (
				7126C06F29D714B400FA76EC /* ContentView.swift in Sources */,
				7126C06D29D714B400FA76EC /* ExampleSPMApp.swift in Sources */,
			);
			runOnlyForDeploymentPostprocessing = 0;
		};
/* End PBXSourcesBuildPhase section */

/* Begin XCBuildConfiguration section */
		7126C07529D714B500FA76EC /* Debug */ = {
			isa = XCBuildConfiguration;
			buildSettings = {
				ALWAYS_SEARCH_USER_PATHS = NO;
				CLANG_ANALYZER_NONNULL = YES;
				CLANG_ANALYZER_NUMBER_OBJECT_CONVERSION = YES_AGGRESSIVE;
				CLANG_CXX_LANGUAGE_STANDARD = "gnu++20";
				CLANG_ENABLE_MODULES = YES;
				CLANG_ENABLE_OBJC_ARC = YES;
				CLANG_ENABLE_OBJC_WEAK = YES;
				CLANG_WARN_BLOCK_CAPTURE_AUTORELEASING = YES;
				CLANG_WARN_BOOL_CONVERSION = YES;
				CLANG_WARN_COMMA = YES;
				CLANG_WARN_CONSTANT_CONVERSION = YES;
				CLANG_WARN_DEPRECATED_OBJC_IMPLEMENTATIONS = YES;
				CLANG_WARN_DIRECT_OBJC_ISA_USAGE = YES_ERROR;
				CLANG_WARN_DOCUMENTATION_COMMENTS = YES;
				CLANG_WARN_EMPTY_BODY = YES;
				CLANG_WARN_ENUM_CONVERSION = YES;
				CLANG_WARN_INFINITE_RECURSION = YES;
				CLANG_WARN_INT_CONVERSION = YES;
				CLANG_WARN_NON_LITERAL_NULL_CONVERSION = YES;
				CLANG_WARN_OBJC_IMPLICIT_RETAIN_SELF = YES;
				CLANG_WARN_OBJC_LITERAL_CONVERSION = YES;
				CLANG_WARN_OBJC_ROOT_CLASS = YES_ERROR;
				CLANG_WARN_QUOTED_INCLUDE_IN_FRAMEWORK_HEADER = YES;
				CLANG_WARN_RANGE_LOOP_ANALYSIS = YES;
				CLANG_WARN_STRICT_PROTOTYPES = YES;
				CLANG_WARN_SUSPICIOUS_MOVE = YES;
				CLANG_WARN_UNGUARDED_AVAILABILITY = YES_AGGRESSIVE;
				CLANG_WARN_UNREACHABLE_CODE = YES;
				CLANG_WARN__DUPLICATE_METHOD_MATCH = YES;
				COPY_PHASE_STRIP = NO;
				DEBUG_INFORMATION_FORMAT = dwarf;
				ENABLE_STRICT_OBJC_MSGSEND = YES;
				ENABLE_TESTABILITY = YES;
				GCC_C_LANGUAGE_STANDARD = gnu11;
				GCC_DYNAMIC_NO_PIC = NO;
				GCC_NO_COMMON_BLOCKS = YES;
				GCC_OPTIMIZATION_LEVEL = 0;
				GCC_PREPROCESSOR_DEFINITIONS = (
					"DEBUG=1",
					"$(inherited)",
				);
				GCC_WARN_64_TO_32_BIT_CONVERSION = YES;
				GCC_WARN_ABOUT_RETURN_TYPE = YES_ERROR;
				GCC_WARN_UNDECLARED_SELECTOR = YES;
				GCC_WARN_UNINITIALIZED_AUTOS = YES_AGGRESSIVE;
				GCC_WARN_UNUSED_FUNCTION = YES;
				GCC_WARN_UNUSED_VARIABLE = YES;
				IPHONEOS_DEPLOYMENT_TARGET = 14.0;
				MTL_ENABLE_DEBUG_INFO = INCLUDE_SOURCE;
				MTL_FAST_MATH = YES;
				ONLY_ACTIVE_ARCH = YES;
				SDKROOT = iphoneos;
				SWIFT_ACTIVE_COMPILATION_CONDITIONS = DEBUG;
				SWIFT_OPTIMIZATION_LEVEL = "-Onone";
			};
			name = Debug;
		};
		7126C07629D714B500FA76EC /* Release */ = {
			isa = XCBuildConfiguration;
			buildSettings = {
				ALWAYS_SEARCH_USER_PATHS = NO;
				CLANG_ANALYZER_NONNULL = YES;
				CLANG_ANALYZER_NUMBER_OBJECT_CONVERSION = YES_AGGRESSIVE;
				CLANG_CXX_LANGUAGE_STANDARD = "gnu++20";
				CLANG_ENABLE_MODULES = YES;
				CLANG_ENABLE_OBJC_ARC = YES;
				CLANG_ENABLE_OBJC_WEAK = YES;
				CLANG_WARN_BLOCK_CAPTURE_AUTORELEASING = YES;
				CLANG_WARN_BOOL_CONVERSION = YES;
				CLANG_WARN_COMMA = YES;
				CLANG_WARN_CONSTANT_CONVERSION = YES;
				CLANG_WARN_DEPRECATED_OBJC_IMPLEMENTATIONS = YES;
				CLANG_WARN_DIRECT_OBJC_ISA_USAGE = YES_ERROR;
				CLANG_WARN_DOCUMENTATION_COMMENTS = YES;
				CLANG_WARN_EMPTY_BODY = YES;
				CLANG_WARN_ENUM_CONVERSION = YES;
				CLANG_WARN_INFINITE_RECURSION = YES;
				CLANG_WARN_INT_CONVERSION = YES;
				CLANG_WARN_NON_LITERAL_NULL_CONVERSION = YES;
				CLANG_WARN_OBJC_IMPLICIT_RETAIN_SELF = YES;
				CLANG_WARN_OBJC_LITERAL_CONVERSION = YES;
				CLANG_WARN_OBJC_ROOT_CLASS = YES_ERROR;
				CLANG_WARN_QUOTED_INCLUDE_IN_FRAMEWORK_HEADER = YES;
				CLANG_WARN_RANGE_LOOP_ANALYSIS = YES;
				CLANG_WARN_STRICT_PROTOTYPES = YES;
				CLANG_WARN_SUSPICIOUS_MOVE = YES;
				CLANG_WARN_UNGUARDED_AVAILABILITY = YES_AGGRESSIVE;
				CLANG_WARN_UNREACHABLE_CODE = YES;
				CLANG_WARN__DUPLICATE_METHOD_MATCH = YES;
				COPY_PHASE_STRIP = NO;
				DEBUG_INFORMATION_FORMAT = "dwarf-with-dsym";
				ENABLE_NS_ASSERTIONS = NO;
				ENABLE_STRICT_OBJC_MSGSEND = YES;
				GCC_C_LANGUAGE_STANDARD = gnu11;
				GCC_NO_COMMON_BLOCKS = YES;
				GCC_WARN_64_TO_32_BIT_CONVERSION = YES;
				GCC_WARN_ABOUT_RETURN_TYPE = YES_ERROR;
				GCC_WARN_UNDECLARED_SELECTOR = YES;
				GCC_WARN_UNINITIALIZED_AUTOS = YES_AGGRESSIVE;
				GCC_WARN_UNUSED_FUNCTION = YES;
				GCC_WARN_UNUSED_VARIABLE = YES;
				IPHONEOS_DEPLOYMENT_TARGET = 14.0;
				MTL_ENABLE_DEBUG_INFO = NO;
				MTL_FAST_MATH = YES;
				SDKROOT = iphoneos;
				SWIFT_COMPILATION_MODE = wholemodule;
				SWIFT_OPTIMIZATION_LEVEL = "-O";
				VALIDATE_PRODUCT = YES;
			};
			name = Release;
		};
		7126C07829D714B500FA76EC /* Debug */ = {
			isa = XCBuildConfiguration;
			buildSettings = {
				ASSETCATALOG_COMPILER_APPICON_NAME = AppIcon;
				ASSETCATALOG_COMPILER_GLOBAL_ACCENT_COLOR_NAME = AccentColor;
				CODE_SIGN_STYLE = Automatic;
				CURRENT_PROJECT_VERSION = 1;
				DEVELOPMENT_ASSET_PATHS = "\"ExampleSPM/Preview Content\"";
				ENABLE_PREVIEWS = YES;
				GENERATE_INFOPLIST_FILE = YES;
				INFOPLIST_KEY_UIApplicationSceneManifest_Generation = YES;
				INFOPLIST_KEY_UIApplicationSupportsIndirectInputEvents = YES;
				INFOPLIST_KEY_UILaunchScreen_Generation = YES;
				INFOPLIST_KEY_UISupportedInterfaceOrientations_iPad = "UIInterfaceOrientationPortrait UIInterfaceOrientationPortraitUpsideDown UIInterfaceOrientationLandscapeLeft UIInterfaceOrientationLandscapeRight";
				INFOPLIST_KEY_UISupportedInterfaceOrientations_iPhone = "UIInterfaceOrientationPortrait UIInterfaceOrientationLandscapeLeft UIInterfaceOrientationLandscapeRight";
				IPHONEOS_DEPLOYMENT_TARGET = 14.0;
				LD_RUNPATH_SEARCH_PATHS = (
					"$(inherited)",
					"@executable_path/Frameworks",
				);
				MARKETING_VERSION = 1.0;
				PRODUCT_BUNDLE_IDENTIFIER = com.example.spm.ExampleSPM;
				PRODUCT_NAME = "$(TARGET_NAME)";
				SWIFT_EMIT_LOC_STRINGS = YES;
				SWIFT_VERSION = 5.0;
				TARGETED_DEVICE_FAMILY = "1,2";
			};
			name = Debug;
		};
		7126C07929D714B500FA76EC /* Release */ = {
			isa = XCBuildConfiguration;
			buildSettings = {
				ASSETCATALOG_COMPILER_APPICON_NAME = AppIcon;
				ASSETCATALOG_COMPILER_GLOBAL_ACCENT_COLOR_NAME = AccentColor;
				CODE_SIGN_STYLE = Automatic;
				CURRENT_PROJECT_VERSION = 1;
				DEVELOPMENT_ASSET_PATHS = "\"ExampleSPM/Preview Content\"";
				ENABLE_PREVIEWS = YES;
				GENERATE_INFOPLIST_FILE = YES;
				INFOPLIST_KEY_UIApplicationSceneManifest_Generation = YES;
				INFOPLIST_KEY_UIApplicationSupportsIndirectInputEvents = YES;
				INFOPLIST_KEY_UILaunchScreen_Generation = YES;
				INFOPLIST_KEY_UISupportedInterfaceOrientations_iPad = "UIInterfaceOrientationPortrait UIInterfaceOrientationPortraitUpsideDown UIInterfaceOrientationLandscapeLeft UIInterfaceOrientationLandscapeRight";
				INFOPLIST_KEY_UISupportedInterfaceOrientations_iPhone = "UIInterfaceOrientationPortrait UIInterfaceOrientationLandscapeLeft UIInterfaceOrientationLandscapeRight";
				IPHONEOS_DEPLOYMENT_TARGET = 14.0;
				LD_RUNPATH_SEARCH_PATHS = (
					"$(inherited)",
					"@executable_path/Frameworks",
				);
				MARKETING_VERSION = 1.0;
				PRODUCT_BUNDLE_IDENTIFIER = com.example.spm.ExampleSPM;
				PRODUCT_NAME = "$(TARGET_NAME)";
				SWIFT_EMIT_LOC_STRINGS = YES;
				SWIFT_VERSION = 5.0;
				TARGETED_DEVICE_FAMILY = "1,2";
			};
			name = Release;
		};
/* End XCBuildConfiguration section */

/* Begin XCConfigurationList section */
		7126C06429D714B400FA76EC /* Build configuration list for PBXProject "ExampleSPM" */ = {
			isa = XCConfigurationList;
			buildConfigurations = (
				7126C07529D714B500FA76EC /* Debug */,
				7126C07629D714B500FA76EC /* Release */,
			);
			defaultConfigurationIsVisible = 0;
			defaultConfigurationName = Release;
		};
		7126C07729D714B500FA76EC /* Build configuration list for PBXNativeTarget "ExampleSPM" */ = {
			isa = XCConfigurationList;
			buildConfigurations = (
				7126C07829D714B500FA76EC /* Debug */,
				7126C07929D714B500FA76EC /* Release */,
			);
			defaultConfigurationIsVisible = 0;
			defaultConfigurationName = Release;
		};
/* End XCConfigurationList section */

/* Begin XCRemoteSwiftPackageReference section */
		7126C07A29D714F700FA76EC /* XCRemoteSwiftPackageReference "admiralui-ios" */ = {
			isa = XCRemoteSwiftPackageReference;
			repositoryURL = "https://github.com/admiral-team/admiralui-ios.git";
			requirement = {
				branch = main;
				kind = branch;
			};
		};
/* End XCRemoteSwiftPackageReference section */

/* Begin XCSwiftPackageProductDependency section */
		7126C07B29D714F700FA76EC /* AdmiralCore */ = {
			isa = XCSwiftPackageProductDependency;
			package = 7126C07A29D714F700FA76EC /* XCRemoteSwiftPackageReference "admiralui-ios" */;
			productName = AdmiralCore;
		};
		7126C07D29D714F700FA76EC /* AdmiralSwiftUI */ = {
			isa = XCSwiftPackageProductDependency;
			package = 7126C07A29D714F700FA76EC /* XCRemoteSwiftPackageReference "admiralui-ios" */;
			productName = AdmiralSwiftUI;
		};
		7126C07F29D714F700FA76EC /* AdmiralTheme */ = {
			isa = XCSwiftPackageProductDependency;
			package = 7126C07A29D714F700FA76EC /* XCRemoteSwiftPackageReference "admiralui-ios" */;
			productName = AdmiralTheme;
		};
		7126C08129D714F700FA76EC /* AdmiralUIKit */ = {
			isa = XCSwiftPackageProductDependency;
			package = 7126C07A29D714F700FA76EC /* XCRemoteSwiftPackageReference "admiralui-ios" */;
			productName = AdmiralUIKit;
		};
		7126C08329D714F700FA76EC /* AdmiralUIResources */ = {
			isa = XCSwiftPackageProductDependency;
			package = 7126C07A29D714F700FA76EC /* XCRemoteSwiftPackageReference "admiralui-ios" */;
			productName = AdmiralUIResources;
		};
/* End XCSwiftPackageProductDependency section */
	};
	rootObject = 7126C06129D714B400FA76EC /* Project object */;
}
