// !$*UTF8*$!
{
	archiveVersion = 1;
	classes = {
	};
	objectVersion = 52;
	objects = {

/* Begin PBXBuildFile section */
		E63BB8BC268B7D5400385DBF /* ExampleCarthageApp.swift in Sources */ = {isa = PBXBuildFile; fileRef = E63BB8BB268B7D5400385DBF /* ExampleCarthageApp.swift */; };
		E63BB8BE268B7D5400385DBF /* ContentView.swift in Sources */ = {isa = PBXBuildFile; fileRef = E63BB8BD268B7D5400385DBF /* ContentView.swift */; };
		E63BB8C0268B7D5500385DBF /* Assets.xcassets in Resources */ = {isa = PBXBuildFile; fileRef = E63BB8BF268B7D5500385DBF /* Assets.xcassets */; };
		E63BB8C3268B7D5500385DBF /* Preview Assets.xcassets in Resources */ = {isa = PBXBuildFile; fileRef = E63BB8C2268B7D5500385DBF /* Preview Assets.xcassets */; };
		E63BB902268B811C00385DBF /* AdmiralUIKit.xcframework in Frameworks */ = {isa = PBXBuildFile; fileRef = E63BB8FE268B811C00385DBF /* AdmiralUIKit.xcframework */; };
		E63BB903268B811C00385DBF /* AdmiralUIKit.xcframework in Embed Frameworks */ = {isa = PBXBuildFile; fileRef = E63BB8FE268B811C00385DBF /* AdmiralUIKit.xcframework */; settings = {ATTRIBUTES = (RemoveHeadersOnCopy, ); }; };
		E63BB904268B811C00385DBF /* AdmiralUIResources.xcframework in Frameworks */ = {isa = PBXBuildFile; fileRef = E63BB8FF268B811C00385DBF /* AdmiralUIResources.xcframework */; };
		E63BB905268B811C00385DBF /* AdmiralUIResources.xcframework in Embed Frameworks */ = {isa = PBXBuildFile; fileRef = E63BB8FF268B811C00385DBF /* AdmiralUIResources.xcframework */; settings = {ATTRIBUTES = (RemoveHeadersOnCopy, ); }; };
		E63BB906268B811C00385DBF /* AdmiralSwiftUI.xcframework in Frameworks */ = {isa = PBXBuildFile; fileRef = E63BB900268B811C00385DBF /* AdmiralSwiftUI.xcframework */; };
		E63BB907268B811C00385DBF /* AdmiralSwiftUI.xcframework in Embed Frameworks */ = {isa = PBXBuildFile; fileRef = E63BB900268B811C00385DBF /* AdmiralSwiftUI.xcframework */; settings = {ATTRIBUTES = (RemoveHeadersOnCopy, ); }; };
		E63BB908268B811C00385DBF /* AdmiralTheme.xcframework in Frameworks */ = {isa = PBXBuildFile; fileRef = E63BB901268B811C00385DBF /* AdmiralTheme.xcframework */; };
		E63BB909268B811C00385DBF /* AdmiralTheme.xcframework in Embed Frameworks */ = {isa = PBXBuildFile; fileRef = E63BB901268B811C00385DBF /* AdmiralTheme.xcframework */; settings = {ATTRIBUTES = (RemoveHeadersOnCopy, ); }; };
/* End PBXBuildFile section */

/* Begin PBXCopyFilesBuildPhase section */
		E63BB90A268B811D00385DBF /* Embed Frameworks */ = {
			isa = PBXCopyFilesBuildPhase;
			buildActionMask = 2147483647;
			dstPath = "";
			dstSubfolderSpec = 10;
			files = (
				E63BB909268B811C00385DBF /* AdmiralTheme.xcframework in Embed Frameworks */,
				E63BB907268B811C00385DBF /* AdmiralSwiftUI.xcframework in Embed Frameworks */,
				E63BB905268B811C00385DBF /* AdmiralUIResources.xcframework in Embed Frameworks */,
				E63BB903268B811C00385DBF /* AdmiralUIKit.xcframework in Embed Frameworks */,
			);
			name = "Embed Frameworks";
			runOnlyForDeploymentPostprocessing = 0;
		};
/* End PBXCopyFilesBuildPhase section */

/* Begin PBXFileReference section */
		E63BB8B8268B7D5400385DBF /* ExampleCarthage.app */ = {isa = PBXFileReference; explicitFileType = wrapper.application; includeInIndex = 0; path = ExampleCarthage.app; sourceTree = BUILT_PRODUCTS_DIR; };
		E63BB8BB268B7D5400385DBF /* ExampleCarthageApp.swift */ = {isa = PBXFileReference; lastKnownFileType = sourcecode.swift; path = ExampleCarthageApp.swift; sourceTree = "<group>"; };
		E63BB8BD268B7D5400385DBF /* ContentView.swift */ = {isa = PBXFileReference; lastKnownFileType = sourcecode.swift; path = ContentView.swift; sourceTree = "<group>"; };
		E63BB8BF268B7D5500385DBF /* Assets.xcassets */ = {isa = PBXFileReference; lastKnownFileType = folder.assetcatalog; path = Assets.xcassets; sourceTree = "<group>"; };
		E63BB8C2268B7D5500385DBF /* Preview Assets.xcassets */ = {isa = PBXFileReference; lastKnownFileType = folder.assetcatalog; path = "Preview Assets.xcassets"; sourceTree = "<group>"; };
		E63BB8C4268B7D5500385DBF /* Info.plist */ = {isa = PBXFileReference; lastKnownFileType = text.plist.xml; path = Info.plist; sourceTree = "<group>"; };
		E63BB8FE268B811C00385DBF /* AdmiralUIKit.xcframework */ = {isa = PBXFileReference; lastKnownFileType = wrapper.xcframework; name = AdmiralUIKit.xcframework; path = Carthage/Build/AdmiralUIKit.xcframework; sourceTree = "<group>"; };
		E63BB8FF268B811C00385DBF /* AdmiralUIResources.xcframework */ = {isa = PBXFileReference; lastKnownFileType = wrapper.xcframework; name = AdmiralUIResources.xcframework; path = Carthage/Build/AdmiralUIResources.xcframework; sourceTree = "<group>"; };
		E63BB900268B811C00385DBF /* AdmiralSwiftUI.xcframework */ = {isa = PBXFileReference; lastKnownFileType = wrapper.xcframework; name = AdmiralSwiftUI.xcframework; path = Carthage/Build/AdmiralSwiftUI.xcframework; sourceTree = "<group>"; };
		E63BB901268B811C00385DBF /* AdmiralTheme.xcframework */ = {isa = PBXFileReference; lastKnownFileType = wrapper.xcframework; name = AdmiralTheme.xcframework; path = Carthage/Build/AdmiralTheme.xcframework; sourceTree = "<group>"; };
/* End PBXFileReference section */

/* Begin PBXFrameworksBuildPhase section */
		E63BB8B5268B7D5400385DBF /* Frameworks */ = {
			isa = PBXFrameworksBuildPhase;
			buildActionMask = 2147483647;
			files = (
				E63BB908268B811C00385DBF /* AdmiralTheme.xcframework in Frameworks */,
				E63BB906268B811C00385DBF /* AdmiralSwiftUI.xcframework in Frameworks */,
				E63BB904268B811C00385DBF /* AdmiralUIResources.xcframework in Frameworks */,
				E63BB902268B811C00385DBF /* AdmiralUIKit.xcframework in Frameworks */,
			);
			runOnlyForDeploymentPostprocessing = 0;
		};
/* End PBXFrameworksBuildPhase section */

/* Begin PBXGroup section */
		E63BB8AF268B7D5400385DBF = {
			isa = PBXGroup;
			children = (
				E63BB8BA268B7D5400385DBF /* ExampleCarthage */,
				E63BB8B9268B7D5400385DBF /* Products */,
				E63BB8FD268B811C00385DBF /* Frameworks */,
			);
			sourceTree = "<group>";
		};
		E63BB8B9268B7D5400385DBF /* Products */ = {
			isa = PBXGroup;
			children = (
				E63BB8B8268B7D5400385DBF /* ExampleCarthage.app */,
			);
			name = Products;
			sourceTree = "<group>";
		};
		E63BB8BA268B7D5400385DBF /* ExampleCarthage */ = {
			isa = PBXGroup;
			children = (
				E63BB8BB268B7D5400385DBF /* ExampleCarthageApp.swift */,
				E63BB8BD268B7D5400385DBF /* ContentView.swift */,
				E63BB8BF268B7D5500385DBF /* Assets.xcassets */,
				E63BB8C4268B7D5500385DBF /* Info.plist */,
				E63BB8C1268B7D5500385DBF /* Preview Content */,
			);
			path = ExampleCarthage;
			sourceTree = "<group>";
		};
		E63BB8C1268B7D5500385DBF /* Preview Content */ = {
			isa = PBXGroup;
			children = (
				E63BB8C2268B7D5500385DBF /* Preview Assets.xcassets */,
			);
			path = "Preview Content";
			sourceTree = "<group>";
		};
		E63BB8FD268B811C00385DBF /* Frameworks */ = {
			isa = PBXGroup;
			children = (
				E63BB900268B811C00385DBF /* AdmiralSwiftUI.xcframework */,
				E63BB901268B811C00385DBF /* AdmiralTheme.xcframework */,
				E63BB8FE268B811C00385DBF /* AdmiralUIKit.xcframework */,
				E63BB8FF268B811C00385DBF /* AdmiralUIResources.xcframework */,
			);
			name = Frameworks;
			sourceTree = "<group>";
		};
/* End PBXGroup section */

/* Begin PBXNativeTarget section */
		E63BB8B7268B7D5400385DBF /* ExampleCarthage */ = {
			isa = PBXNativeTarget;
			buildConfigurationList = E63BB8C7268B7D5500385DBF /* Build configuration list for PBXNativeTarget "ExampleCarthage" */;
			buildPhases = (
				E63BB8B4268B7D5400385DBF /* Sources */,
				E63BB8B5268B7D5400385DBF /* Frameworks */,
				E63BB8B6268B7D5400385DBF /* Resources */,
				E63BB90A268B811D00385DBF /* Embed Frameworks */,
			);
			buildRules = (
			);
			dependencies = (
			);
			name = ExampleCarthage;
			productName = ExampleCarthage;
			productReference = E63BB8B8268B7D5400385DBF /* ExampleCarthage.app */;
			productType = "com.apple.product-type.application";
		};
/* End PBXNativeTarget section */

/* Begin PBXProject section */
		E63BB8B0268B7D5400385DBF /* Project object */ = {
			isa = PBXProject;
			attributes = {
				LastSwiftUpdateCheck = 1240;
				LastUpgradeCheck = 1240;
				TargetAttributes = {
					E63BB8B7268B7D5400385DBF = {
						CreatedOnToolsVersion = 12.4;
					};
				};
			};
			buildConfigurationList = E63BB8B3268B7D5400385DBF /* Build configuration list for PBXProject "ExampleCarthage" */;
			compatibilityVersion = "Xcode 9.3";
			developmentRegion = en;
			hasScannedForEncodings = 0;
			knownRegions = (
				en,
				Base,
			);
			mainGroup = E63BB8AF268B7D5400385DBF;
			productRefGroup = E63BB8B9268B7D5400385DBF /* Products */;
			projectDirPath = "";
			projectRoot = "";
			targets = (
				E63BB8B7268B7D5400385DBF /* ExampleCarthage */,
			);
		};
/* End PBXProject section */

/* Begin PBXResourcesBuildPhase section */
		E63BB8B6268B7D5400385DBF /* Resources */ = {
			isa = PBXResourcesBuildPhase;
			buildActionMask = 2147483647;
			files = (
				E63BB8C3268B7D5500385DBF /* Preview Assets.xcassets in Resources */,
				E63BB8C0268B7D5500385DBF /* Assets.xcassets in Resources */,
			);
			runOnlyForDeploymentPostprocessing = 0;
		};
/* End PBXResourcesBuildPhase section */

/* Begin PBXSourcesBuildPhase section */
		E63BB8B4268B7D5400385DBF /* Sources */ = {
			isa = PBXSourcesBuildPhase;
			buildActionMask = 2147483647;
			files = (
				E63BB8BE268B7D5400385DBF /* ContentView.swift in Sources */,
				E63BB8BC268B7D5400385DBF /* ExampleCarthageApp.swift in Sources */,
			);
			runOnlyForDeploymentPostprocessing = 0;
		};
/* End PBXSourcesBuildPhase section */

/* Begin XCBuildConfiguration section */
		E63BB8C5268B7D5500385DBF /* Debug */ = {
			isa = XCBuildConfiguration;
			buildSettings = {
				ALWAYS_SEARCH_USER_PATHS = NO;
				CLANG_ANALYZER_NONNULL = YES;
				CLANG_ANALYZER_NUMBER_OBJECT_CONVERSION = YES_AGGRESSIVE;
				CLANG_CXX_LANGUAGE_STANDARD = "gnu++14";
				CLANG_CXX_LIBRARY = "libc++";
				CLANG_ENABLE_MODULES = YES;
				CLANG_ENABLE_OBJC_ARC = YES;
				CLANG_ENABLE_OBJC_WEAK = YES;
				CLANG_WARN_BLOCK_CAPTURE_AUTORELEASING = YES;
				CLANG_WARN_BOOL_CONVERSION = YES;
				CLANG_WARN_COMMA = YES;
				CLANG_WARN_CONSTANT_CONVERSION = YES;
				CLANG_WARN_DEPRECATED_OBJC_IMPLEMENTATIONS = YES;
				CLANG_WARN_DIRECT_OBJC_ISA_USAGE = YES_ERROR;
				CLANG_WARN_DOCUMENTATION_COMMENTS = YES;
				CLANG_WARN_EMPTY_BODY = YES;
				CLANG_WARN_ENUM_CONVERSION = YES;
				CLANG_WARN_INFINITE_RECURSION = YES;
				CLANG_WARN_INT_CONVERSION = YES;
				CLANG_WARN_NON_LITERAL_NULL_CONVERSION = YES;
				CLANG_WARN_OBJC_IMPLICIT_RETAIN_SELF = YES;
				CLANG_WARN_OBJC_LITERAL_CONVERSION = YES;
				CLANG_WARN_OBJC_ROOT_CLASS = YES_ERROR;
				CLANG_WARN_QUOTED_INCLUDE_IN_FRAMEWORK_HEADER = YES;
				CLANG_WARN_RANGE_LOOP_ANALYSIS = YES;
				CLANG_WARN_STRICT_PROTOTYPES = YES;
				CLANG_WARN_SUSPICIOUS_MOVE = YES;
				CLANG_WARN_UNGUARDED_AVAILABILITY = YES_AGGRESSIVE;
				CLANG_WARN_UNREACHABLE_CODE = YES;
				CLANG_WARN__DUPLICATE_METHOD_MATCH = YES;
				COPY_PHASE_STRIP = NO;
				DEBUG_INFORMATION_FORMAT = dwarf;
				ENABLE_STRICT_OBJC_MSGSEND = YES;
				ENABLE_TESTABILITY = YES;
				GCC_C_LANGUAGE_STANDARD = gnu11;
				GCC_DYNAMIC_NO_PIC = NO;
				GCC_NO_COMMON_BLOCKS = YES;
				GCC_OPTIMIZATION_LEVEL = 0;
				GCC_PREPROCESSOR_DEFINITIONS = (
					"DEBUG=1",
					"$(inherited)",
				);
				GCC_WARN_64_TO_32_BIT_CONVERSION = YES;
				GCC_WARN_ABOUT_RETURN_TYPE = YES_ERROR;
				GCC_WARN_UNDECLARED_SELECTOR = YES;
				GCC_WARN_UNINITIALIZED_AUTOS = YES_AGGRESSIVE;
				GCC_WARN_UNUSED_FUNCTION = YES;
				GCC_WARN_UNUSED_VARIABLE = YES;
				IPHONEOS_DEPLOYMENT_TARGET = 14.4;
				MTL_ENABLE_DEBUG_INFO = INCLUDE_SOURCE;
				MTL_FAST_MATH = YES;
				ONLY_ACTIVE_ARCH = YES;
				SDKROOT = iphoneos;
				SWIFT_ACTIVE_COMPILATION_CONDITIONS = DEBUG;
				SWIFT_OPTIMIZATION_LEVEL = "-Onone";
			};
			name = Debug;
		};
		E63BB8C6268B7D5500385DBF /* Release */ = {
			isa = XCBuildConfiguration;
			buildSettings = {
				ALWAYS_SEARCH_USER_PATHS = NO;
				CLANG_ANALYZER_NONNULL = YES;
				CLANG_ANALYZER_NUMBER_OBJECT_CONVERSION = YES_AGGRESSIVE;
				CLANG_CXX_LANGUAGE_STANDARD = "gnu++14";
				CLANG_CXX_LIBRARY = "libc++";
				CLANG_ENABLE_MODULES = YES;
				CLANG_ENABLE_OBJC_ARC = YES;
				CLANG_ENABLE_OBJC_WEAK = YES;
				CLANG_WARN_BLOCK_CAPTURE_AUTORELEASING = YES;
				CLANG_WARN_BOOL_CONVERSION = YES;
				CLANG_WARN_COMMA = YES;
				CLANG_WARN_CONSTANT_CONVERSION = YES;
				CLANG_WARN_DEPRECATED_OBJC_IMPLEMENTATIONS = YES;
				CLANG_WARN_DIRECT_OBJC_ISA_USAGE = YES_ERROR;
				CLANG_WARN_DOCUMENTATION_COMMENTS = YES;
				CLANG_WARN_EMPTY_BODY = YES;
				CLANG_WARN_ENUM_CONVERSION = YES;
				CLANG_WARN_INFINITE_RECURSION = YES;
				CLANG_WARN_INT_CONVERSION = YES;
				CLANG_WARN_NON_LITERAL_NULL_CONVERSION = YES;
				CLANG_WARN_OBJC_IMPLICIT_RETAIN_SELF = YES;
				CLANG_WARN_OBJC_LITERAL_CONVERSION = YES;
				CLANG_WARN_OBJC_ROOT_CLASS = YES_ERROR;
				CLANG_WARN_QUOTED_INCLUDE_IN_FRAMEWORK_HEADER = YES;
				CLANG_WARN_RANGE_LOOP_ANALYSIS = YES;
				CLANG_WARN_STRICT_PROTOTYPES = YES;
				CLANG_WARN_SUSPICIOUS_MOVE = YES;
				CLANG_WARN_UNGUARDED_AVAILABILITY = YES_AGGRESSIVE;
				CLANG_WARN_UNREACHABLE_CODE = YES;
				CLANG_WARN__DUPLICATE_METHOD_MATCH = YES;
				COPY_PHASE_STRIP = NO;
				DEBUG_INFORMATION_FORMAT = "dwarf-with-dsym";
				ENABLE_NS_ASSERTIONS = NO;
				ENABLE_STRICT_OBJC_MSGSEND = YES;
				GCC_C_LANGUAGE_STANDARD = gnu11;
				GCC_NO_COMMON_BLOCKS = YES;
				GCC_WARN_64_TO_32_BIT_CONVERSION = YES;
				GCC_WARN_ABOUT_RETURN_TYPE = YES_ERROR;
				GCC_WARN_UNDECLARED_SELECTOR = YES;
				GCC_WARN_UNINITIALIZED_AUTOS = YES_AGGRESSIVE;
				GCC_WARN_UNUSED_FUNCTION = YES;
				GCC_WARN_UNUSED_VARIABLE = YES;
				IPHONEOS_DEPLOYMENT_TARGET = 14.4;
				MTL_ENABLE_DEBUG_INFO = NO;
				MTL_FAST_MATH = YES;
				SDKROOT = iphoneos;
				SWIFT_COMPILATION_MODE = wholemodule;
				SWIFT_OPTIMIZATION_LEVEL = "-O";
				VALIDATE_PRODUCT = YES;
			};
			name = Release;
		};
		E63BB8C8268B7D5500385DBF /* Debug */ = {
			isa = XCBuildConfiguration;
			buildSettings = {
				ASSETCATALOG_COMPILER_APPICON_NAME = AppIcon;
				ASSETCATALOG_COMPILER_GLOBAL_ACCENT_COLOR_NAME = AccentColor;
				CODE_SIGN_STYLE = Automatic;
				DEVELOPMENT_ASSET_PATHS = "\"ExampleCarthage/Preview Content\"";
				DEVELOPMENT_TEAM = 66JEAC242Y;
				ENABLE_PREVIEWS = YES;
				INFOPLIST_FILE = ExampleCarthage/Info.plist;
				IPHONEOS_DEPLOYMENT_TARGET = 14.0;
				LD_RUNPATH_SEARCH_PATHS = (
					"$(inherited)",
					"@executable_path/Frameworks",
				);
				PRODUCT_BUNDLE_IDENTIFIER = com.vtb.admiralswiftui.ExampleCarthage;
				PRODUCT_NAME = "$(TARGET_NAME)";
				SWIFT_VERSION = 5.0;
				TARGETED_DEVICE_FAMILY = "1,2";
			};
			name = Debug;
		};
		E63BB8C9268B7D5500385DBF /* Release */ = {
			isa = XCBuildConfiguration;
			buildSettings = {
				ASSETCATALOG_COMPILER_APPICON_NAME = AppIcon;
				ASSETCATALOG_COMPILER_GLOBAL_ACCENT_COLOR_NAME = AccentColor;
				CODE_SIGN_STYLE = Automatic;
				DEVELOPMENT_ASSET_PATHS = "\"ExampleCarthage/Preview Content\"";
				DEVELOPMENT_TEAM = 66JEAC242Y;
				ENABLE_PREVIEWS = YES;
				INFOPLIST_FILE = ExampleCarthage/Info.plist;
				IPHONEOS_DEPLOYMENT_TARGET = 14.0;
				LD_RUNPATH_SEARCH_PATHS = (
					"$(inherited)",
					"@executable_path/Frameworks",
				);
				PRODUCT_BUNDLE_IDENTIFIER = com.vtb.admiralswiftui.ExampleCarthage;
				PRODUCT_NAME = "$(TARGET_NAME)";
				SWIFT_VERSION = 5.0;
				TARGETED_DEVICE_FAMILY = "1,2";
			};
			name = Release;
		};
/* End XCBuildConfiguration section */

/* Begin XCConfigurationList section */
		E63BB8B3268B7D5400385DBF /* Build configuration list for PBXProject "ExampleCarthage" */ = {
			isa = XCConfigurationList;
			buildConfigurations = (
				E63BB8C5268B7D5500385DBF /* Debug */,
				E63BB8C6268B7D5500385DBF /* Release */,
			);
			defaultConfigurationIsVisible = 0;
			defaultConfigurationName = Release;
		};
		E63BB8C7268B7D5500385DBF /* Build configuration list for PBXNativeTarget "ExampleCarthage" */ = {
			isa = XCConfigurationList;
			buildConfigurations = (
				E63BB8C8268B7D5500385DBF /* Debug */,
				E63BB8C9268B7D5500385DBF /* Release */,
			);
			defaultConfigurationIsVisible = 0;
			defaultConfigurationName = Release;
		};
/* End XCConfigurationList section */
	};
	rootObject = E63BB8B0268B7D5400385DBF /* Project object */;
}
