{
  "pins" : [
    {
      "identity" : "admiralui-ios",
      "kind" : "remoteSourceControl",
      "location" : "https://github.com/admiral-team/admiralui-ios.git",
      "state" : {
        "branch" : "main",
        "revision" : "b49267ec7ae5f6ad0740305901e1dee5b8555511"
      }
    }
  ],
  "version" : 2
}
