{
  "pins" : [
    {
      "identity" : "admiralui-ios",
      "kind" : "remoteSourceControl",
      "location" : "https://github.com/admiral-team/admiralui-ios.git",
      "state" : {
        "branch" : "main",
        "revision" : "7901e2c44309ff5406174b2b41275501275e2113"
      }
    }
  ],
  "version" : 2
}
